// !$*UTF8*$!
{
	archiveVersion = 1;
	classes = {
	};
	objectVersion = 46;
	objects = {

/* Begin PBXBuildFile section */
		201B0EA51DBBEDC7007C12A0 /* UIKit.framework in Frameworks */ = {isa = PBXBuildFile; fileRef = 201B0EA41DBBEDC7007C12A0 /* UIKit.framework */; };
		205F9B7F1DBBD09E0067A54E /* main.m in Sources */ = {isa = PBXBuildFile; fileRef = 205F9B7E1DBBD09E0067A54E /* main.m */; };
		205F9B821DBBD09E0067A54E /* AppDelegate.m in Sources */ = {isa = PBXBuildFile; fileRef = 205F9B811DBBD09E0067A54E /* AppDelegate.m */; };
		205F9B851DBBD09E0067A54E /* ViewController.m in Sources */ = {isa = PBXBuildFile; fileRef = 205F9B841DBBD09E0067A54E /* ViewController.m */; };
		205F9B881DBBD09E0067A54E /* Main.storyboard in Resources */ = {isa = PBXBuildFile; fileRef = 205F9B861DBBD09E0067A54E /* Main.storyboard */; };
		205F9B8A1DBBD09E0067A54E /* Assets.xcassets in Resources */ = {isa = PBXBuildFile; fileRef = 205F9B891DBBD09E0067A54E /* Assets.xcassets */; };
		205F9B8D1DBBD09E0067A54E /* LaunchScreen.storyboard in Resources */ = {isa = PBXBuildFile; fileRef = 205F9B8B1DBBD09E0067A54E /* LaunchScreen.storyboard */; };
		205F9B981DBBD1280067A54E /* MSFilter.m in Sources */ = {isa = PBXBuildFile; fileRef = 205F9B971DBBD1280067A54E /* MSFilter.m */; };
		205F9B9D1DBBD1520067A54E /* MSSlider.m in Sources */ = {isa = PBXBuildFile; fileRef = 205F9B9A1DBBD1520067A54E /* MSSlider.m */; };
		205F9B9E1DBBD1520067A54E /* MSSticker.m in Sources */ = {isa = PBXBuildFile; fileRef = 205F9B9C1DBBD1520067A54E /* MSSticker.m */; };
/* End PBXBuildFile section */

/* Begin PBXFileReference section */
		201B0EA41DBBEDC7007C12A0 /* UIKit.framework */ = {isa = PBXFileReference; lastKnownFileType = wrapper.framework; name = UIKit.framework; path = System/Library/Frameworks/UIKit.framework; sourceTree = SDKROOT; };
		205F9B7A1DBBD09E0067A54E /* SlideEffect.app */ = {isa = PBXFileReference; explicitFileType = wrapper.application; includeInIndex = 0; path = SlideEffect.app; sourceTree = BUILT_PRODUCTS_DIR; };
		205F9B7E1DBBD09E0067A54E /* main.m */ = {isa = PBXFileReference; lastKnownFileType = sourcecode.c.objc; path = main.m; sourceTree = "<group>"; };
		205F9B801DBBD09E0067A54E /* AppDelegate.h */ = {isa = PBXFileReference; lastKnownFileType = sourcecode.c.h; path = AppDelegate.h; sourceTree = "<group>"; };
		205F9B811DBBD09E0067A54E /* AppDelegate.m */ = {isa = PBXFileReference; lastKnownFileType = sourcecode.c.objc; path = AppDelegate.m; sourceTree = "<group>"; };
		205F9B831DBBD09E0067A54E /* ViewController.h */ = {isa = PBXFileReference; lastKnownFileType = sourcecode.c.h; path = ViewController.h; sourceTree = "<group>"; };
		205F9B841DBBD09E0067A54E /* ViewController.m */ = {isa = PBXFileReference; lastKnownFileType = sourcecode.c.objc; path = ViewController.m; sourceTree = "<group>"; };
		205F9B871DBBD09E0067A54E /* Base */ = {isa = PBXFileReference; lastKnownFileType = file.storyboard; name = Base; path = Base.lproj/Main.storyboard; sourceTree = "<group>"; };
		205F9B891DBBD09E0067A54E /* Assets.xcassets */ = {isa = PBXFileReference; lastKnownFileType = folder.assetcatalog; path = Assets.xcassets; sourceTree = "<group>"; };
		205F9B8C1DBBD09E0067A54E /* Base */ = {isa = PBXFileReference; lastKnownFileType = file.storyboard; name = Base; path = Base.lproj/LaunchScreen.storyboard; sourceTree = "<group>"; };
		205F9B8E1DBBD09E0067A54E /* Info.plist */ = {isa = PBXFileReference; lastKnownFileType = text.plist.xml; path = Info.plist; sourceTree = "<group>"; };
		205F9B961DBBD1280067A54E /* MSFilter.h */ = {isa = PBXFileReference; fileEncoding = 4; lastKnownFileType = sourcecode.c.h; path = MSFilter.h; sourceTree = "<group>"; };
		205F9B971DBBD1280067A54E /* MSFilter.m */ = {isa = PBXFileReference; fileEncoding = 4; lastKnownFileType = sourcecode.c.objc; path = MSFilter.m; sourceTree = "<group>"; };
		205F9B991DBBD1520067A54E /* MSSlider.h */ = {isa = PBXFileReference; fileEncoding = 4; lastKnownFileType = sourcecode.c.h; path = MSSlider.h; sourceTree = "<group>"; };
		205F9B9A1DBBD1520067A54E /* MSSlider.m */ = {isa = PBXFileReference; fileEncoding = 4; lastKnownFileType = sourcecode.c.objc; path = MSSlider.m; sourceTree = "<group>"; };
		205F9B9B1DBBD1520067A54E /* MSSliderDataSource.h */ = {isa = PBXFileReference; fileEncoding = 4; lastKnownFileType = sourcecode.c.h; path = MSSliderDataSource.h; sourceTree = "<group>"; };
		205F9B9C1DBBD1520067A54E /* MSSticker.m */ = {isa = PBXFileReference; fileEncoding = 4; lastKnownFileType = sourcecode.c.objc; path = MSSticker.m; sourceTree = "<group>"; };
		205F9B9F1DBBD1680067A54E /* MSSticker.h */ = {isa = PBXFileReference; lastKnownFileType = sourcecode.c.h; path = MSSticker.h; sourceTree = "<group>"; };
/* End PBXFileReference section */

/* Begin PBXFrameworksBuildPhase section */
		205F9B771DBBD09E0067A54E /* Frameworks */ = {
			isa = PBXFrameworksBuildPhase;
			buildActionMask = 2147483647;
			files = (
				201B0EA51DBBEDC7007C12A0 /* UIKit.framework in Frameworks */,
			);
			runOnlyForDeploymentPostprocessing = 0;
		};
/* End PBXFrameworksBuildPhase section */

/* Begin PBXGroup section */
		201B0EA31DBBEDC6007C12A0 /* Frameworks */ = {
			isa = PBXGroup;
			children = (
				201B0EA41DBBEDC7007C12A0 /* UIKit.framework */,
			);
			name = Frameworks;
			sourceTree = "<group>";
		};
		205F9B711DBBD09E0067A54E = {
			isa = PBXGroup;
			children = (
				205F9B7C1DBBD09E0067A54E /* SlideEffect */,
				205F9B7B1DBBD09E0067A54E /* Products */,
				201B0EA31DBBEDC6007C12A0 /* Frameworks */,
			);
			sourceTree = "<group>";
		};
		205F9B7B1DBBD09E0067A54E /* Products */ = {
			isa = PBXGroup;
			children = (
				205F9B7A1DBBD09E0067A54E /* SlideEffect.app */,
			);
			name = Products;
			sourceTree = "<group>";
		};
		205F9B7C1DBBD09E0067A54E /* SlideEffect */ = {
			isa = PBXGroup;
			children = (
				205F9B941DBBD1140067A54E /* Slider */,
				205F9B951DBBD1140067A54E /* Filter */,
				205F9B801DBBD09E0067A54E /* AppDelegate.h */,
				205F9B811DBBD09E0067A54E /* AppDelegate.m */,
				205F9B831DBBD09E0067A54E /* ViewController.h */,
				205F9B841DBBD09E0067A54E /* ViewController.m */,
				205F9B861DBBD09E0067A54E /* Main.storyboard */,
				205F9B891DBBD09E0067A54E /* Assets.xcassets */,
				205F9B8B1DBBD09E0067A54E /* LaunchScreen.storyboard */,
				205F9B8E1DBBD09E0067A54E /* Info.plist */,
				205F9B7D1DBBD09E0067A54E /* Supporting Files */,
			);
			path = SlideEffect;
			sourceTree = "<group>";
		};
		205F9B7D1DBBD09E0067A54E /* Supporting Files */ = {
			isa = PBXGroup;
			children = (
				205F9B7E1DBBD09E0067A54E /* main.m */,
			);
			name = "Supporting Files";
			sourceTree = "<group>";
		};
		205F9B941DBBD1140067A54E /* Slider */ = {
			isa = PBXGroup;
			children = (
				205F9B991DBBD1520067A54E /* MSSlider.h */,
				205F9B9A1DBBD1520067A54E /* MSSlider.m */,
				205F9B9B1DBBD1520067A54E /* MSSliderDataSource.h */,
				205F9B9F1DBBD1680067A54E /* MSSticker.h */,
				205F9B9C1DBBD1520067A54E /* MSSticker.m */,
			);
			path = Slider;
			sourceTree = "<group>";
		};
		205F9B951DBBD1140067A54E /* Filter */ = {
			isa = PBXGroup;
			children = (
				205F9B961DBBD1280067A54E /* MSFilter.h */,
				205F9B971DBBD1280067A54E /* MSFilter.m */,
			);
			path = Filter;
			sourceTree = "<group>";
		};
/* End PBXGroup section */

/* Begin PBXNativeTarget section */
		205F9B791DBBD09E0067A54E /* SlideEffect */ = {
			isa = PBXNativeTarget;
			buildConfigurationList = 205F9B911DBBD09E0067A54E /* Build configuration list for PBXNativeTarget "SlideEffect" */;
			buildPhases = (
				205F9B761DBBD09E0067A54E /* Sources */,
				205F9B771DBBD09E0067A54E /* Frameworks */,
				205F9B781DBBD09E0067A54E /* Resources */,
			);
			buildRules = (
			);
			dependencies = (
			);
			name = SlideEffect;
			productName = SlideEffect;
			productReference = 205F9B7A1DBBD09E0067A54E /* SlideEffect.app */;
			productType = "com.apple.product-type.application";
		};
/* End PBXNativeTarget section */

/* Begin PBXProject section */
		205F9B721DBBD09E0067A54E /* Project object */ = {
			isa = PBXProject;
			attributes = {
				LastUpgradeCheck = 0800;
				ORGANIZATIONNAME = "Khairul Islam";
				TargetAttributes = {
					205F9B791DBBD09E0067A54E = {
						CreatedOnToolsVersion = 8.0;
						ProvisioningStyle = Automatic;
					};
				};
			};
			buildConfigurationList = 205F9B751DBBD09E0067A54E /* Build configuration list for PBXProject "SlideEffect" */;
			compatibilityVersion = "Xcode 3.2";
			developmentRegion = English;
			hasScannedForEncodings = 0;
			knownRegions = (
				en,
				Base,
			);
			mainGroup = 205F9B711DBBD09E0067A54E;
			productRefGroup = 205F9B7B1DBBD09E0067A54E /* Products */;
			projectDirPath = "";
			projectRoot = "";
			targets = (
				205F9B791DBBD09E0067A54E /* SlideEffect */,
			);
		};
/* End PBXProject section */

/* Begin PBXResourcesBuildPhase section */
		205F9B781DBBD09E0067A54E /* Resources */ = {
			isa = PBXResourcesBuildPhase;
			buildActionMask = 2147483647;
			files = (
				205F9B8D1DBBD09E0067A54E /* LaunchScreen.storyboard in Resources */,
				205F9B8A1DBBD09E0067A54E /* Assets.xcassets in Resources */,
				205F9B881DBBD09E0067A54E /* Main.storyboard in Resources */,
			);
			runOnlyForDeploymentPostprocessing = 0;
		};
/* End PBXResourcesBuildPhase section */

/* Begin PBXSourcesBuildPhase section */
		205F9B761DBBD09E0067A54E /* Sources */ = {
			isa = PBXSourcesBuildPhase;
			buildActionMask = 2147483647;
			files = (
				205F9B9D1DBBD1520067A54E /* MSSlider.m in Sources */,
				205F9B851DBBD09E0067A54E /* ViewController.m in Sources */,
				205F9B821DBBD09E0067A54E /* AppDelegate.m in Sources */,
				205F9B9E1DBBD1520067A54E /* MSSticker.m in Sources */,
				205F9B7F1DBBD09E0067A54E /* main.m in Sources */,
				205F9B981DBBD1280067A54E /* MSFilter.m in Sources */,
			);
			runOnlyForDeploymentPostprocessing = 0;
		};
/* End PBXSourcesBuildPhase section */

/* Begin PBXVariantGroup section */
		205F9B861DBBD09E0067A54E /* Main.storyboard */ = {
			isa = PBXVariantGroup;
			children = (
				205F9B871DBBD09E0067A54E /* Base */,
			);
			name = Main.storyboard;
			sourceTree = "<group>";
		};
		205F9B8B1DBBD09E0067A54E /* LaunchScreen.storyboard */ = {
			isa = PBXVariantGroup;
			children = (
				205F9B8C1DBBD09E0067A54E /* Base */,
			);
			name = LaunchScreen.storyboard;
			sourceTree = "<group>";
		};
/* End PBXVariantGroup section */

/* Begin XCBuildConfiguration section */
		205F9B8F1DBBD09E0067A54E /* Debug */ = {
			isa = XCBuildConfiguration;
			buildSettings = {
				ALWAYS_SEARCH_USER_PATHS = NO;
				CLANG_ANALYZER_NONNULL = YES;
				CLANG_CXX_LANGUAGE_STANDARD = "gnu++0x";
				CLANG_CXX_LIBRARY = "libc++";
				CLANG_ENABLE_MODULES = YES;
				CLANG_ENABLE_OBJC_ARC = YES;
				CLANG_WARN_BOOL_CONVERSION = YES;
				CLANG_WARN_CONSTANT_CONVERSION = YES;
				CLANG_WARN_DIRECT_OBJC_ISA_USAGE = YES_ERROR;
				CLANG_WARN_DOCUMENTATION_COMMENTS = YES;
				CLANG_WARN_EMPTY_BODY = YES;
				CLANG_WARN_ENUM_CONVERSION = YES;
				CLANG_WARN_INFINITE_RECURSION = YES;
				CLANG_WARN_INT_CONVERSION = YES;
				CLANG_WARN_OBJC_ROOT_CLASS = YES_ERROR;
				CLANG_WARN_SUSPICIOUS_MOVES = YES;
				CLANG_WARN_UNREACHABLE_CODE = YES;
				CLANG_WARN__DUPLICATE_METHOD_MATCH = YES;
				"CODE_SIGN_IDENTITY[sdk=iphoneos*]" = "iPhone Developer";
				COPY_PHASE_STRIP = NO;
				DEBUG_INFORMATION_FORMAT = dwarf;
				ENABLE_STRICT_OBJC_MSGSEND = YES;
				ENABLE_TESTABILITY = YES;
				GCC_C_LANGUAGE_STANDARD = gnu99;
				GCC_DYNAMIC_NO_PIC = NO;
				GCC_NO_COMMON_BLOCKS = YES;
				GCC_OPTIMIZATION_LEVEL = 0;
				GCC_PREPROCESSOR_DEFINITIONS = (
					"DEBUG=1",
					"$(inherited)",
				);
				GCC_WARN_64_TO_32_BIT_CONVERSION = YES;
				GCC_WARN_ABOUT_RETURN_TYPE = YES_ERROR;
				GCC_WARN_UNDECLARED_SELECTOR = YES;
				GCC_WARN_UNINITIALIZED_AUTOS = YES_AGGRESSIVE;
				GCC_WARN_UNUSED_FUNCTION = YES;
				GCC_WARN_UNUSED_VARIABLE = YES;
				IPHONEOS_DEPLOYMENT_TARGET = 10.0;
				MTL_ENABLE_DEBUG_INFO = YES;
				ONLY_ACTIVE_ARCH = YES;
				SDKROOT = iphoneos;
				TARGETED_DEVICE_FAMILY = "1,2";
			};
			name = Debug;
		};
		205F9B901DBBD09E0067A54E /* Release */ = {
			isa = XCBuildConfiguration;
			buildSettings = {
				ALWAYS_SEARCH_USER_PATHS = NO;
				CLANG_ANALYZER_NONNULL = YES;
				CLANG_CXX_LANGUAGE_STANDARD = "gnu++0x";
				CLANG_CXX_LIBRARY = "libc++";
				CLANG_ENABLE_MODULES = YES;
				CLANG_ENABLE_OBJC_ARC = YES;
				CLANG_WARN_BOOL_CONVERSION = YES;
				CLANG_WARN_CONSTANT_CONVERSION = YES;
				CLANG_WARN_DIRECT_OBJC_ISA_USAGE = YES_ERROR;
				CLANG_WARN_DOCUMENTATION_COMMENTS = YES;
				CLANG_WARN_EMPTY_BODY = YES;
				CLANG_WARN_ENUM_CONVERSION = YES;
				CLANG_WARN_INFINITE_RECURSION = YES;
				CLANG_WARN_INT_CONVERSION = YES;
				CLANG_WARN_OBJC_ROOT_CLASS = YES_ERROR;
				CLANG_WARN_SUSPICIOUS_MOVES = YES;
				CLANG_WARN_UNREACHABLE_CODE = YES;
				CLANG_WARN__DUPLICATE_METHOD_MATCH = YES;
				"CODE_SIGN_IDENTITY[sdk=iphoneos*]" = "iPhone Developer";
				COPY_PHASE_STRIP = NO;
				DEBUG_INFORMATION_FORMAT = "dwarf-with-dsym";
				ENABLE_NS_ASSERTIONS = NO;
				ENABLE_STRICT_OBJC_MSGSEND = YES;
				GCC_C_LANGUAGE_STANDARD = gnu99;
				GCC_NO_COMMON_BLOCKS = YES;
				GCC_WARN_64_TO_32_BIT_CONVERSION = YES;
				GCC_WARN_ABOUT_RETURN_TYPE = YES_ERROR;
				GCC_WARN_UNDECLARED_SELECTOR = YES;
				GCC_WARN_UNINITIALIZED_AUTOS = YES_AGGRESSIVE;
				GCC_WARN_UNUSED_FUNCTION = YES;
				GCC_WARN_UNUSED_VARIABLE = YES;
				IPHONEOS_DEPLOYMENT_TARGET = 10.0;
				MTL_ENABLE_DEBUG_INFO = NO;
				SDKROOT = iphoneos;
				TARGETED_DEVICE_FAMILY = "1,2";
				VALIDATE_PRODUCT = YES;
			};
			name = Release;
		};
		205F9B921DBBD09E0067A54E /* Debug */ = {
			isa = XCBuildConfiguration;
			buildSettings = {
				ASSETCATALOG_COMPILER_APPICON_NAME = AppIcon;
				INFOPLIST_FILE = SlideEffect/Info.plist;
				LD_RUNPATH_SEARCH_PATHS = "$(inherited) @executable_path/Frameworks";
				PRODUCT_BUNDLE_IDENTIFIER = com.khairul.SlideEffect;
				PRODUCT_NAME = "$(TARGET_NAME)";
			};
			name = Debug;
		};
		205F9B931DBBD09E0067A54E /* Release */ = {
			isa = XCBuildConfiguration;
			buildSettings = {
				ASSETCATALOG_COMPILER_APPICON_NAME = AppIcon;
				INFOPLIST_FILE = SlideEffect/Info.plist;
				LD_RUNPATH_SEARCH_PATHS = "$(inherited) @executable_path/Frameworks";
				PRODUCT_BUNDLE_IDENTIFIER = com.khairul.SlideEffect;
				PRODUCT_NAME = "$(TARGET_NAME)";
			};
			name = Release;
		};
/* End XCBuildConfiguration section */

/* Begin XCConfigurationList section */
		205F9B751DBBD09E0067A54E /* Build configuration list for PBXProject "SlideEffect" */ = {
			isa = XCConfigurationList;
			buildConfigurations = (
				205F9B8F1DBBD09E0067A54E /* Debug */,
				205F9B901DBBD09E0067A54E /* Release */,
			);
			defaultConfigurationIsVisible = 0;
			defaultConfigurationName = Release;
		};
		205F9B911DBBD09E0067A54E /* Build configuration list for PBXNativeTarget "SlideEffect" */ = {
			isa = XCConfigurationList;
			buildConfigurations = (
				205F9B921DBBD09E0067A54E /* Debug */,
				205F9B931DBBD09E0067A54E /* Release */,
			);
			defaultConfigurationIsVisible = 0;
			defaultConfigurationName = Release;
		};
/* End XCConfigurationList section */
	};
	rootObject = 205F9B721DBBD09E0067A54E /* Project object */;
}
